// !$*UTF8*$!
{
	archiveVersion = 1;
	classes = {
	};
	objectVersion = 56;
	objects = {

/* Begin PBXBuildFile section */
		B98C78A72B2AEF1B006B440E /* DraftApp.swift in Sources */ = {isa = PBXBuildFile; fileRef = B98C78A62B2AEF1B006B440E /* DraftApp.swift */; };
		B98C78A92B2AEF1B006B440E /* ContentView.swift in Sources */ = {isa = PBXBuildFile; fileRef = B98C78A82B2AEF1B006B440E /* ContentView.swift */; };
		B98C78AB2B2AEF1D006B440E /* Assets.xcassets in Resources */ = {isa = PBXBuildFile; fileRef = B98C78AA2B2AEF1D006B440E /* Assets.xcassets */; };
		B98C78AE2B2AEF1D006B440E /* Preview Assets.xcassets in Resources */ = {isa = PBXBuildFile; fileRef = B98C78AD2B2AEF1D006B440E /* Preview Assets.xcassets */; };
		B98C78B82B2AEF1D006B440E /* DraftTests.swift in Sources */ = {isa = PBXBuildFile; fileRef = B98C78B72B2AEF1D006B440E /* DraftTests.swift */; };
		B98C78C22B2AEF1D006B440E /* DraftUITests.swift in Sources */ = {isa = PBXBuildFile; fileRef = B98C78C12B2AEF1D006B440E /* DraftUITests.swift */; };
		B98C78C42B2AEF1D006B440E /* DraftUITestsLaunchTests.swift in Sources */ = {isa = PBXBuildFile; fileRef = B98C78C32B2AEF1D006B440E /* DraftUITestsLaunchTests.swift */; };
/* End PBXBuildFile section */

/* Begin PBXContainerItemProxy section */
		B98C78B42B2AEF1D006B440E /* PBXContainerItemProxy */ = {
			isa = PBXContainerItemProxy;
			containerPortal = B98C789B2B2AEF1B006B440E /* Project object */;
			proxyType = 1;
			remoteGlobalIDString = B98C78A22B2AEF1B006B440E;
			remoteInfo = Draft;
		};
		B98C78BE2B2AEF1D006B440E /* PBXContainerItemProxy */ = {
			isa = PBXContainerItemProxy;
			containerPortal = B98C789B2B2AEF1B006B440E /* Project object */;
			proxyType = 1;
			remoteGlobalIDString = B98C78A22B2AEF1B006B440E;
			remoteInfo = Draft;
		};
/* End PBXContainerItemProxy section */

/* Begin PBXFileReference section */
		B98C78A32B2AEF1B006B440E /* Draft.app */ = {isa = PBXFileReference; explicitFileType = wrapper.application; includeInIndex = 0; path = Draft.app; sourceTree = BUILT_PRODUCTS_DIR; };
		B98C78A62B2AEF1B006B440E /* DraftApp.swift */ = {isa = PBXFileReference; lastKnownFileType = sourcecode.swift; path = DraftApp.swift; sourceTree = "<group>"; };
		B98C78A82B2AEF1B006B440E /* ContentView.swift */ = {isa = PBXFileReference; lastKnownFileType = sourcecode.swift; path = ContentView.swift; sourceTree = "<group>"; };
		B98C78AA2B2AEF1D006B440E /* Assets.xcassets */ = {isa = PBXFileReference; lastKnownFileType = folder.assetcatalog; path = Assets.xcassets; sourceTree = "<group>"; };
		B98C78AD2B2AEF1D006B440E /* Preview Assets.xcassets */ = {isa = PBXFileReference; lastKnownFileType = folder.assetcatalog; path = "Preview Assets.xcassets"; sourceTree = "<group>"; };
		B98C78B32B2AEF1D006B440E /* DraftTests.xctest */ = {isa = PBXFileReference; explicitFileType = wrapper.cfbundle; includeInIndex = 0; path = DraftTests.xctest; sourceTree = BUILT_PRODUCTS_DIR; };
		B98C78B72B2AEF1D006B440E /* DraftTests.swift */ = {isa = PBXFileReference; lastKnownFileType = sourcecode.swift; path = DraftTests.swift; sourceTree = "<group>"; };
		B98C78BD2B2AEF1D006B440E /* DraftUITests.xctest */ = {isa = PBXFileReference; explicitFileType = wrapper.cfbundle; includeInIndex = 0; path = DraftUITests.xctest; sourceTree = BUILT_PRODUCTS_DIR; };
		B98C78C12B2AEF1D006B440E /* DraftUITests.swift */ = {isa = PBXFileReference; lastKnownFileType = sourcecode.swift; path = DraftUITests.swift; sourceTree = "<group>"; };
		B98C78C32B2AEF1D006B440E /* DraftUITestsLaunchTests.swift */ = {isa = PBXFileReference; lastKnownFileType = sourcecode.swift; path = DraftUITestsLaunchTests.swift; sourceTree = "<group>"; };
/* End PBXFileReference section */

/* Begin PBXFrameworksBuildPhase section */
		B98C78A02B2AEF1B006B440E /* Frameworks */ = {
			isa = PBXFrameworksBuildPhase;
			buildActionMask = 2147483647;
			files = (
			);
			runOnlyForDeploymentPostprocessing = 0;
		};
		B98C78B02B2AEF1D006B440E /* Frameworks */ = {
			isa = PBXFrameworksBuildPhase;
			buildActionMask = 2147483647;
			files = (
			);
			runOnlyForDeploymentPostprocessing = 0;
		};
		B98C78BA2B2AEF1D006B440E /* Frameworks */ = {
			isa = PBXFrameworksBuildPhase;
			buildActionMask = 2147483647;
			files = (
			);
			runOnlyForDeploymentPostprocessing = 0;
		};
/* End PBXFrameworksBuildPhase section */

/* Begin PBXGroup section */
		B98C789A2B2AEF1B006B440E = {
			isa = PBXGroup;
			children = (
				B98C78A52B2AEF1B006B440E /* Draft */,
				B98C78B62B2AEF1D006B440E /* DraftTests */,
				B98C78C02B2AEF1D006B440E /* DraftUITests */,
				B98C78A42B2AEF1B006B440E /* Products */,
			);
			sourceTree = "<group>";
		};
		B98C78A42B2AEF1B006B440E /* Products */ = {
			isa = PBXGroup;
			children = (
				B98C78A32B2AEF1B006B440E /* Draft.app */,
				B98C78B32B2AEF1D006B440E /* DraftTests.xctest */,
				B98C78BD2B2AEF1D006B440E /* DraftUITests.xctest */,
			);
			name = Products;
			sourceTree = "<group>";
		};
		B98C78A52B2AEF1B006B440E /* Draft */ = {
			isa = PBXGroup;
			children = (
				B98C78A62B2AEF1B006B440E /* DraftApp.swift */,
				B98C78A82B2AEF1B006B440E /* ContentView.swift */,
				B98C78AA2B2AEF1D006B440E /* Assets.xcassets */,
				B98C78AC2B2AEF1D006B440E /* Preview Content */,
			);
			path = Draft;
			sourceTree = "<group>";
		};
		B98C78AC2B2AEF1D006B440E /* Preview Content */ = {
			isa = PBXGroup;
			children = (
				B98C78AD2B2AEF1D006B440E /* Preview Assets.xcassets */,
			);
			path = "Preview Content";
			sourceTree = "<group>";
		};
		B98C78B62B2AEF1D006B440E /* DraftTests */ = {
			isa = PBXGroup;
			children = (
				B98C78B72B2AEF1D006B440E /* DraftTests.swift */,
			);
			path = DraftTests;
			sourceTree = "<group>";
		};
		B98C78C02B2AEF1D006B440E /* DraftUITests */ = {
			isa = PBXGroup;
			children = (
				B98C78C12B2AEF1D006B440E /* DraftUITests.swift */,
				B98C78C32B2AEF1D006B440E /* DraftUITestsLaunchTests.swift */,
			);
			path = DraftUITests;
			sourceTree = "<group>";
		};
/* End PBXGroup section */

/* Begin PBXNativeTarget section */
		B98C78A22B2AEF1B006B440E /* Draft */ = {
			isa = PBXNativeTarget;
			buildConfigurationList = B98C78C72B2AEF1D006B440E /* Build configuration list for PBXNativeTarget "Draft" */;
			buildPhases = (
				B98C789F2B2AEF1B006B440E /* Sources */,
				B98C78A02B2AEF1B006B440E /* Frameworks */,
				B98C78A12B2AEF1B006B440E /* Resources */,
			);
			buildRules = (
			);
			dependencies = (
			);
			name = Draft;
			productName = Draft;
			productReference = B98C78A32B2AEF1B006B440E /* Draft.app */;
			productType = "com.apple.product-type.application";
		};
		B98C78B22B2AEF1D006B440E /* DraftTests */ = {
			isa = PBXNativeTarget;
			buildConfigurationList = B98C78CA2B2AEF1D006B440E /* Build configuration list for PBXNativeTarget "DraftTests" */;
			buildPhases = (
				B98C78AF2B2AEF1D006B440E /* Sources */,
				B98C78B02B2AEF1D006B440E /* Frameworks */,
				B98C78B12B2AEF1D006B440E /* Resources */,
			);
			buildRules = (
			);
			dependencies = (
				B98C78B52B2AEF1D006B440E /* PBXTargetDependency */,
			);
			name = DraftTests;
			productName = DraftTests;
			productReference = B98C78B32B2AEF1D006B440E /* DraftTests.xctest */;
			productType = "com.apple.product-type.bundle.unit-test";
		};
		B98C78BC2B2AEF1D006B440E /* DraftUITests */ = {
			isa = PBXNativeTarget;
			buildConfigurationList = B98C78CD2B2AEF1D006B440E /* Build configuration list for PBXNativeTarget "DraftUITests" */;
			buildPhases = (
				B98C78B92B2AEF1D006B440E /* Sources */,
				B98C78BA2B2AEF1D006B440E /* Frameworks */,
				B98C78BB2B2AEF1D006B440E /* Resources */,
			);
			buildRules = (
			);
			dependencies = (
				B98C78BF2B2AEF1D006B440E /* PBXTargetDependency */,
			);
			name = DraftUITests;
			productName = DraftUITests;
			productReference = B98C78BD2B2AEF1D006B440E /* DraftUITests.xctest */;
			productType = "com.apple.product-type.bundle.ui-testing";
		};
/* End PBXNativeTarget section */

/* Begin PBXProject section */
		B98C789B2B2AEF1B006B440E /* Project object */ = {
			isa = PBXProject;
			attributes = {
				BuildIndependentTargetsInParallel = 1;
				LastSwiftUpdateCheck = 1500;
				LastUpgradeCheck = 1500;
				TargetAttributes = {
					B98C78A22B2AEF1B006B440E = {
						CreatedOnToolsVersion = 15.0.1;
					};
					B98C78B22B2AEF1D006B440E = {
						CreatedOnToolsVersion = 15.0.1;
						TestTargetID = B98C78A22B2AEF1B006B440E;
					};
					B98C78BC2B2AEF1D006B440E = {
						CreatedOnToolsVersion = 15.0.1;
						TestTargetID = B98C78A22B2AEF1B006B440E;
					};
				};
			};
			buildConfigurationList = B98C789E2B2AEF1B006B440E /* Build configuration list for PBXProject "Draft" */;
			compatibilityVersion = "Xcode 14.0";
			developmentRegion = en;
			hasScannedForEncodings = 0;
			knownRegions = (
				en,
				Base,
			);
			mainGroup = B98C789A2B2AEF1B006B440E;
			productRefGroup = B98C78A42B2AEF1B006B440E /* Products */;
			projectDirPath = "";
			projectRoot = "";
			targets = (
				B98C78A22B2AEF1B006B440E /* Draft */,
				B98C78B22B2AEF1D006B440E /* DraftTests */,
				B98C78BC2B2AEF1D006B440E /* DraftUITests */,
			);
		};
/* End PBXProject section */

/* Begin PBXResourcesBuildPhase section */
		B98C78A12B2AEF1B006B440E /* Resources */ = {
			isa = PBXResourcesBuildPhase;
			buildActionMask = 2147483647;
			files = (
				B98C78AE2B2AEF1D006B440E /* Preview Assets.xcassets in Resources */,
				B98C78AB2B2AEF1D006B440E /* Assets.xcassets in Resources */,
			);
			runOnlyForDeploymentPostprocessing = 0;
		};
		B98C78B12B2AEF1D006B440E /* Resources */ = {
			isa = PBXResourcesBuildPhase;
			buildActionMask = 2147483647;
			files = (
			);
			runOnlyForDeploymentPostprocessing = 0;
		};
		B98C78BB2B2AEF1D006B440E /* Resources */ = {
			isa = PBXResourcesBuildPhase;
			buildActionMask = 2147483647;
			files = (
			);
			runOnlyForDeploymentPostprocessing = 0;
		};
/* End PBXResourcesBuildPhase section */

/* Begin PBXSourcesBuildPhase section */
		B98C789F2B2AEF1B006B440E /* Sources */ = {
			isa = PBXSourcesBuildPhase;
			buildActionMask = 2147483647;
			files = (
				B98C78A92B2AEF1B006B440E /* ContentView.swift in Sources */,
				B98C78A72B2AEF1B006B440E /* DraftApp.swift in Sources */,
			);
			runOnlyForDeploymentPostprocessing = 0;
		};
		B98C78AF2B2AEF1D006B440E /* Sources */ = {
			isa = PBXSourcesBuildPhase;
			buildActionMask = 2147483647;
			files = (
				B98C78B82B2AEF1D006B440E /* DraftTests.swift in Sources */,
			);
			runOnlyForDeploymentPostprocessing = 0;
		};
		B98C78B92B2AEF1D006B440E /* Sources */ = {
			isa = PBXSourcesBuildPhase;
			buildActionMask = 2147483647;
			files = (
				B98C78C42B2AEF1D006B440E /* DraftUITestsLaunchTests.swift in Sources */,
				B98C78C22B2AEF1D006B440E /* DraftUITests.swift in Sources */,
			);
			runOnlyForDeploymentPostprocessing = 0;
		};
/* End PBXSourcesBuildPhase section */

/* Begin PBXTargetDependency section */
		B98C78B52B2AEF1D006B440E /* PBXTargetDependency */ = {
			isa = PBXTargetDependency;
			target = B98C78A22B2AEF1B006B440E /* Draft */;
			targetProxy = B98C78B42B2AEF1D006B440E /* PBXContainerItemProxy */;
		};
		B98C78BF2B2AEF1D006B440E /* PBXTargetDependency */ = {
			isa = PBXTargetDependency;
			target = B98C78A22B2AEF1B006B440E /* Draft */;
			targetProxy = B98C78BE2B2AEF1D006B440E /* PBXContainerItemProxy */;
		};
/* End PBXTargetDependency section */

/* Begin XCBuildConfiguration section */
		B98C78C52B2AEF1D006B440E /* Debug */ = {
			isa = XCBuildConfiguration;
			buildSettings = {
				ALWAYS_SEARCH_USER_PATHS = NO;
				ASSETCATALOG_COMPILER_GENERATE_SWIFT_ASSET_SYMBOL_EXTENSIONS = YES;
				CLANG_ANALYZER_NONNULL = YES;
				CLANG_ANALYZER_NUMBER_OBJECT_CONVERSION = YES_AGGRESSIVE;
				CLANG_CXX_LANGUAGE_STANDARD = "gnu++20";
				CLANG_ENABLE_MODULES = YES;
				CLANG_ENABLE_OBJC_ARC = YES;
				CLANG_ENABLE_OBJC_WEAK = YES;
				CLANG_WARN_BLOCK_CAPTURE_AUTORELEASING = YES;
				CLANG_WARN_BOOL_CONVERSION = YES;
				CLANG_WARN_COMMA = YES;
				CLANG_WARN_CONSTANT_CONVERSION = YES;
				CLANG_WARN_DEPRECATED_OBJC_IMPLEMENTATIONS = YES;
				CLANG_WARN_DIRECT_OBJC_ISA_USAGE = YES_ERROR;
				CLANG_WARN_DOCUMENTATION_COMMENTS = YES;
				CLANG_WARN_EMPTY_BODY = YES;
				CLANG_WARN_ENUM_CONVERSION = YES;
				CLANG_WARN_INFINITE_RECURSION = YES;
				CLANG_WARN_INT_CONVERSION = YES;
				CLANG_WARN_NON_LITERAL_NULL_CONVERSION = YES;
				CLANG_WARN_OBJC_IMPLICIT_RETAIN_SELF = YES;
				CLANG_WARN_OBJC_LITERAL_CONVERSION = YES;
				CLANG_WARN_OBJC_ROOT_CLASS = YES_ERROR;
				CLANG_WARN_QUOTED_INCLUDE_IN_FRAMEWORK_HEADER = YES;
				CLANG_WARN_RANGE_LOOP_ANALYSIS = YES;
				CLANG_WARN_STRICT_PROTOTYPES = YES;
				CLANG_WARN_SUSPICIOUS_MOVE = YES;
				CLANG_WARN_UNGUARDED_AVAILABILITY = YES_AGGRESSIVE;
				CLANG_WARN_UNREACHABLE_CODE = YES;
				CLANG_WARN__DUPLICATE_METHOD_MATCH = YES;
				COPY_PHASE_STRIP = NO;
				DEBUG_INFORMATION_FORMAT = dwarf;
				ENABLE_STRICT_OBJC_MSGSEND = YES;
				ENABLE_TESTABILITY = YES;
				ENABLE_USER_SCRIPT_SANDBOXING = YES;
				GCC_C_LANGUAGE_STANDARD = gnu17;
				GCC_DYNAMIC_NO_PIC = NO;
				GCC_NO_COMMON_BLOCKS = YES;
				GCC_OPTIMIZATION_LEVEL = 0;
				GCC_PREPROCESSOR_DEFINITIONS = (
					"DEBUG=1",
					"$(inherited)",
				);
				GCC_WARN_64_TO_32_BIT_CONVERSION = YES;
				GCC_WARN_ABOUT_RETURN_TYPE = YES_ERROR;
				GCC_WARN_UNDECLARED_SELECTOR = YES;
				GCC_WARN_UNINITIALIZED_AUTOS = YES_AGGRESSIVE;
				GCC_WARN_UNUSED_FUNCTION = YES;
				GCC_WARN_UNUSED_VARIABLE = YES;
				IPHONEOS_DEPLOYMENT_TARGET = 17.0;
				LOCALIZATION_PREFERS_STRING_CATALOGS = YES;
				MTL_ENABLE_DEBUG_INFO = INCLUDE_SOURCE;
				MTL_FAST_MATH = YES;
				ONLY_ACTIVE_ARCH = YES;
				SDKROOT = iphoneos;
				SWIFT_ACTIVE_COMPILATION_CONDITIONS = "DEBUG $(inherited)";
				SWIFT_OPTIMIZATION_LEVEL = "-Onone";
			};
			name = Debug;
		};
		B98C78C62B2AEF1D006B440E /* Release */ = {
			isa = XCBuildConfiguration;
			buildSettings = {
				ALWAYS_SEARCH_USER_PATHS = NO;
				ASSETCATALOG_COMPILER_GENERATE_SWIFT_ASSET_SYMBOL_EXTENSIONS = YES;
				CLANG_ANALYZER_NONNULL = YES;
				CLANG_ANALYZER_NUMBER_OBJECT_CONVERSION = YES_AGGRESSIVE;
				CLANG_CXX_LANGUAGE_STANDARD = "gnu++20";
				CLANG_ENABLE_MODULES = YES;
				CLANG_ENABLE_OBJC_ARC = YES;
				CLANG_ENABLE_OBJC_WEAK = YES;
				CLANG_WARN_BLOCK_CAPTURE_AUTORELEASING = YES;
				CLANG_WARN_BOOL_CONVERSION = YES;
				CLANG_WARN_COMMA = YES;
				CLANG_WARN_CONSTANT_CONVERSION = YES;
				CLANG_WARN_DEPRECATED_OBJC_IMPLEMENTATIONS = YES;
				CLANG_WARN_DIRECT_OBJC_ISA_USAGE = YES_ERROR;
				CLANG_WARN_DOCUMENTATION_COMMENTS = YES;
				CLANG_WARN_EMPTY_BODY = YES;
				CLANG_WARN_ENUM_CONVERSION = YES;
				CLANG_WARN_INFINITE_RECURSION = YES;
				CLANG_WARN_INT_CONVERSION = YES;
				CLANG_WARN_NON_LITERAL_NULL_CONVERSION = YES;
				CLANG_WARN_OBJC_IMPLICIT_RETAIN_SELF = YES;
				CLANG_WARN_OBJC_LITERAL_CONVERSION = YES;
				CLANG_WARN_OBJC_ROOT_CLASS = YES_ERROR;
				CLANG_WARN_QUOTED_INCLUDE_IN_FRAMEWORK_HEADER = YES;
				CLANG_WARN_RANGE_LOOP_ANALYSIS = YES;
				CLANG_WARN_STRICT_PROTOTYPES = YES;
				CLANG_WARN_SUSPICIOUS_MOVE = YES;
				CLANG_WARN_UNGUARDED_AVAILABILITY = YES_AGGRESSIVE;
				CLANG_WARN_UNREACHABLE_CODE = YES;
				CLANG_WARN__DUPLICATE_METHOD_MATCH = YES;
				COPY_PHASE_STRIP = NO;
				DEBUG_INFORMATION_FORMAT = "dwarf-with-dsym";
				ENABLE_NS_ASSERTIONS = NO;
				ENABLE_STRICT_OBJC_MSGSEND = YES;
				ENABLE_USER_SCRIPT_SANDBOXING = YES;
				GCC_C_LANGUAGE_STANDARD = gnu17;
				GCC_NO_COMMON_BLOCKS = YES;
				GCC_WARN_64_TO_32_BIT_CONVERSION = YES;
				GCC_WARN_ABOUT_RETURN_TYPE = YES_ERROR;
				GCC_WARN_UNDECLARED_SELECTOR = YES;
				GCC_WARN_UNINITIALIZED_AUTOS = YES_AGGRESSIVE;
				GCC_WARN_UNUSED_FUNCTION = YES;
				GCC_WARN_UNUSED_VARIABLE = YES;
				IPHONEOS_DEPLOYMENT_TARGET = 17.0;
				LOCALIZATION_PREFERS_STRING_CATALOGS = YES;
				MTL_ENABLE_DEBUG_INFO = NO;
				MTL_FAST_MATH = YES;
				SDKROOT = iphoneos;
				SWIFT_COMPILATION_MODE = wholemodule;
				VALIDATE_PRODUCT = YES;
			};
			name = Release;
		};
		B98C78C82B2AEF1D006B440E /* Debug */ = {
			isa = XCBuildConfiguration;
			buildSettings = {
				ASSETCATALOG_COMPILER_APPICON_NAME = AppIcon;
				ASSETCATALOG_COMPILER_GLOBAL_ACCENT_COLOR_NAME = AccentColor;
				CODE_SIGN_STYLE = Automatic;
				CURRENT_PROJECT_VERSION = 1;
				DEVELOPMENT_ASSET_PATHS = "\"Draft/Preview Content\"";
				ENABLE_PREVIEWS = YES;
				GENERATE_INFOPLIST_FILE = YES;
				INFOPLIST_KEY_UIApplicationSceneManifest_Generation = YES;
				INFOPLIST_KEY_UIApplicationSupportsIndirectInputEvents = YES;
				INFOPLIST_KEY_UILaunchScreen_Generation = YES;
				INFOPLIST_KEY_UISupportedInterfaceOrientations_iPad = "UIInterfaceOrientationPortrait UIInterfaceOrientationPortraitUpsideDown UIInterfaceOrientationLandscapeLeft UIInterfaceOrientationLandscapeRight";
				INFOPLIST_KEY_UISupportedInterfaceOrientations_iPhone = "UIInterfaceOrientationPortrait UIInterfaceOrientationLandscapeLeft UIInterfaceOrientationLandscapeRight";
				LD_RUNPATH_SEARCH_PATHS = (
					"$(inherited)",
					"@executable_path/Frameworks",
				);
				MARKETING_VERSION = 1.0;
				PRODUCT_BUNDLE_IDENTIFIER = "Steve-Matushchak.Draft";
				PRODUCT_NAME = "$(TARGET_NAME)";
				SWIFT_EMIT_LOC_STRINGS = YES;
				SWIFT_VERSION = 5.0;
				TARGETED_DEVICE_FAMILY = "1,2";
			};
			name = Debug;
		};
		B98C78C92B2AEF1D006B440E /* Release */ = {
			isa = XCBuildConfiguration;
			buildSettings = {
				ASSETCATALOG_COMPILER_APPICON_NAME = AppIcon;
				ASSETCATALOG_COMPILER_GLOBAL_ACCENT_COLOR_NAME = AccentColor;
				CODE_SIGN_STYLE = Automatic;
				CURRENT_PROJECT_VERSION = 1;
				DEVELOPMENT_ASSET_PATHS = "\"Draft/Preview Content\"";
				ENABLE_PREVIEWS = YES;
				GENERATE_INFOPLIST_FILE = YES;
				INFOPLIST_KEY_UIApplicationSceneManifest_Generation = YES;
				INFOPLIST_KEY_UIApplicationSupportsIndirectInputEvents = YES;
				INFOPLIST_KEY_UILaunchScreen_Generation = YES;
				INFOPLIST_KEY_UISupportedInterfaceOrientations_iPad = "UIInterfaceOrientationPortrait UIInterfaceOrientationPortraitUpsideDown UIInterfaceOrientationLandscapeLeft UIInterfaceOrientationLandscapeRight";
				INFOPLIST_KEY_UISupportedInterfaceOrientations_iPhone = "UIInterfaceOrientationPortrait UIInterfaceOrientationLandscapeLeft UIInterfaceOrientationLandscapeRight";
				LD_RUNPATH_SEARCH_PATHS = (
					"$(inherited)",
					"@executable_path/Frameworks",
				);
				MARKETING_VERSION = 1.0;
				PRODUCT_BUNDLE_IDENTIFIER = "Steve-Matushchak.Draft";
				PRODUCT_NAME = "$(TARGET_NAME)";
				SWIFT_EMIT_LOC_STRINGS = YES;
				SWIFT_VERSION = 5.0;
				TARGETED_DEVICE_FAMILY = "1,2";
			};
			name = Release;
		};
		B98C78CB2B2AEF1D006B440E /* Debug */ = {
			isa = XCBuildConfiguration;
			buildSettings = {
				ALWAYS_EMBED_SWIFT_STANDARD_LIBRARIES = YES;
				BUNDLE_LOADER = "$(TEST_HOST)";
				CODE_SIGN_STYLE = Automatic;
				CURRENT_PROJECT_VERSION = 1;
				GENERATE_INFOPLIST_FILE = YES;
				IPHONEOS_DEPLOYMENT_TARGET = 17.0;
				MARKETING_VERSION = 1.0;
				PRODUCT_BUNDLE_IDENTIFIER = "Steve-Matushchak.DraftTests";
				PRODUCT_NAME = "$(TARGET_NAME)";
				SWIFT_EMIT_LOC_STRINGS = NO;
				SWIFT_VERSION = 5.0;
				TARGETED_DEVICE_FAMILY = "1,2";
				TEST_HOST = "$(BUILT_PRODUCTS_DIR)/Draft.app/$(BUNDLE_EXECUTABLE_FOLDER_PATH)/Draft";
			};
			name = Debug;
		};
		B98C78CC2B2AEF1D006B440E /* Release */ = {
			isa = XCBuildConfiguration;
			buildSettings = {
				ALWAYS_EMBED_SWIFT_STANDARD_LIBRARIES = YES;
				BUNDLE_LOADER = "$(TEST_HOST)";
				CODE_SIGN_STYLE = Automatic;
				CURRENT_PROJECT_VERSION = 1;
				GENERATE_INFOPLIST_FILE = YES;
				IPHONEOS_DEPLOYMENT_TARGET = 17.0;
				MARKETING_VERSION = 1.0;
				PRODUCT_BUNDLE_IDENTIFIER = "Steve-Matushchak.DraftTests";
				PRODUCT_NAME = "$(TARGET_NAME)";
				SWIFT_EMIT_LOC_STRINGS = NO;
				SWIFT_VERSION = 5.0;
				TARGETED_DEVICE_FAMILY = "1,2";
				TEST_HOST = "$(BUILT_PRODUCTS_DIR)/Draft.app/$(BUNDLE_EXECUTABLE_FOLDER_PATH)/Draft";
			};
			name = Release;
		};
		B98C78CE2B2AEF1D006B440E /* Debug */ = {
			isa = XCBuildConfiguration;
			buildSettings = {
				ALWAYS_EMBED_SWIFT_STANDARD_LIBRARIES = YES;
				CODE_SIGN_STYLE = Automatic;
				CURRENT_PROJECT_VERSION = 1;
				GENERATE_INFOPLIST_FILE = YES;
				MARKETING_VERSION = 1.0;
				PRODUCT_BUNDLE_IDENTIFIER = "Steve-Matushchak.DraftUITests";
				PRODUCT_NAME = "$(TARGET_NAME)";
				SWIFT_EMIT_LOC_STRINGS = NO;
				SWIFT_VERSION = 5.0;
				TARGETED_DEVICE_FAMILY = "1,2";
				TEST_TARGET_NAME = Draft;
			};
			name = Debug;
		};
		B98C78CF2B2AEF1D006B440E /* Release */ = {
			isa = XCBuildConfiguration;
			buildSettings = {
				ALWAYS_EMBED_SWIFT_STANDARD_LIBRARIES = YES;
				CODE_SIGN_STYLE = Automatic;
				CURRENT_PROJECT_VERSION = 1;
				GENERATE_INFOPLIST_FILE = YES;
				MARKETING_VERSION = 1.0;
				PRODUCT_BUNDLE_IDENTIFIER = "Steve-Matushchak.DraftUITests";
				PRODUCT_NAME = "$(TARGET_NAME)";
				SWIFT_EMIT_LOC_STRINGS = NO;
				SWIFT_VERSION = 5.0;
				TARGETED_DEVICE_FAMILY = "1,2";
				TEST_TARGET_NAME = Draft;
			};
			name = Release;
		};
/* End XCBuildConfiguration section */

/* Begin XCConfigurationList section */
		B98C789E2B2AEF1B006B440E /* Build configuration list for PBXProject "Draft" */ = {
			isa = XCConfigurationList;
			buildConfigurations = (
				B98C78C52B2AEF1D006B440E /* Debug */,
				B98C78C62B2AEF1D006B440E /* Release */,
			);
			defaultConfigurationIsVisible = 0;
			defaultConfigurationName = Release;
		};
		B98C78C72B2AEF1D006B440E /* Build configuration list for PBXNativeTarget "Draft" */ = {
			isa = XCConfigurationList;
			buildConfigurations = (
				B98C78C82B2AEF1D006B440E /* Debug */,
				B98C78C92B2AEF1D006B440E /* Release */,
			);
			defaultConfigurationIsVisible = 0;
			defaultConfigurationName = Release;
		};
		B98C78CA2B2AEF1D006B440E /* Build configuration list for PBXNativeTarget "DraftTests" */ = {
			isa = XCConfigurationList;
			buildConfigurations = (
				B98C78CB2B2AEF1D006B440E /* Debug */,
				B98C78CC2B2AEF1D006B440E /* Release */,
			);
			defaultConfigurationIsVisible = 0;
			defaultConfigurationName = Release;
		};
		B98C78CD2B2AEF1D006B440E /* Build configuration list for PBXNativeTarget "DraftUITests" */ = {
			isa = XCConfigurationList;
			buildConfigurations = (
				B98C78CE2B2AEF1D006B440E /* Debug */,
				B98C78CF2B2AEF1D006B440E /* Release */,
			);
			defaultConfigurationIsVisible = 0;
			defaultConfigurationName = Release;
		};
/* End XCConfigurationList section */
	};
	rootObject = B98C789B2B2AEF1B006B440E /* Project object */;
}
